
Microsoft Visual Studio Solution File, Format Version 12.00
# Visual Studio Version 16
VisualStudioVersion = 16.0.33529.622
MinimumVisualStudioVersion = 10.0.40219.1
Project("{FAE04EC0-301F-11D3-BF4B-00C04F79EFBC}") = "Tazkarty", "Tazkarty\Tazkarty.csproj", "{7BE7D940-4914-4BB5-AD87-2CC0EC589577}"
EndProject
Global
	GlobalSection(SolutionConfigurationPlatforms) = preSolution
		Debug|Any CPU = Debug|Any CPU
		Release|Any CPU = Release|Any CPU
	EndGlobalSection
	GlobalSection(ProjectConfigurationPlatforms) = postSolution
		{7BE7D940-4914-4BB5-AD87-2CC0EC589577}.Debug|Any CPU.ActiveCfg = Debug|Any CPU
		{7BE7D940-4914-4BB5-AD87-2CC0EC589577}.Debug|Any CPU.Build.0 = Debug|Any CPU
		{7BE7D940-4914-4BB5-AD87-2CC0EC589577}.Release|Any CPU.ActiveCfg = Release|Any CPU
		{7BE7D940-4914-4BB5-AD87-2CC0EC589577}.Release|Any CPU.Build.0 = Release|Any CPU
	EndGlobalSection
	GlobalSection(SolutionProperties) = preSolution
		HideSolutionNode = FALSE
	EndGlobalSection
	GlobalSection(ExtensibilityGlobals) = postSolution
		SolutionGuid = {C05A7ADC-5348-46C0-A2F7-4111BE79CD7D}
	EndGlobalSection
EndGlobal
